{
  "object": {
    "pins": [
      {
        "package": "KeychainAccess",
        "repositoryURL": "https://github.com/kishikawakatsumi/KeychainAccess",
        "state": {
          "branch": null,
          "revision": "654d52d30f3dd4592e944c3e0bccb53178c992f6",
          "version": "4.2.1"
        }
      },
      {
        "package": "OpenSSL",
        "repositoryURL": "https://github.com/krzyzanowskim/OpenSSL",
        "state": {
          "branch": null,
          "revision": "389296819a8d025ac10ddc9f22135a5518991fdc",
          "version": "1.1.180"
        }
      },
      {
        "package": "SwiftUIEKtensions",
        "repositoryURL": "https://github.com/EnesKaraosman/SwiftUIEKtensions",
        "state": {
          "branch": null,
          "revision": "cafd7ad82796528b392107874f07a7279dec7fcd",
          "version": "0.1.8"
        }
      }
    ]
  },
  "version": 1
}
